
Microsoft Visual Studio Solution File, Format Version 12.00
# Visual Studio Version 16
VisualStudioVersion = 16.0.30611.23
MinimumVisualStudioVersion = 10.0.40219.1
Project("{FAE04EC0-301F-11D3-BF4B-00C04F79EFBC}") = "IsPrime", "IsPrime\IsPrime.csproj", "{AA08CABA-CC6F-4590-8C9D-139E4D2869EB}"
EndProject
Global
	GlobalSection(SolutionConfigurationPlatforms) = preSolution
		Debug|Any CPU = Debug|Any CPU
		Release|Any CPU = Release|Any CPU
	EndGlobalSection
	GlobalSection(ProjectConfigurationPlatforms) = postSolution
		{AA08CABA-CC6F-4590-8C9D-139E4D2869EB}.Debug|Any CPU.ActiveCfg = Debug|Any CPU
		{AA08CABA-CC6F-4590-8C9D-139E4D2869EB}.Debug|Any CPU.Build.0 = Debug|Any CPU
		{AA08CABA-CC6F-4590-8C9D-139E4D2869EB}.Release|Any CPU.ActiveCfg = Release|Any CPU
		{AA08CABA-CC6F-4590-8C9D-139E4D2869EB}.Release|Any CPU.Build.0 = Release|Any CPU
	EndGlobalSection
	GlobalSection(SolutionProperties) = preSolution
		HideSolutionNode = FALSE
	EndGlobalSection
	GlobalSection(ExtensibilityGlobals) = postSolution
		SolutionGuid = {FDE17C2E-ACAE-4FC8-BD82-487C9E0D63E8}
	EndGlobalSection
EndGlobal
